// !$*UTF8*$!
{
	archiveVersion = 1;
	classes = {
	};
	objectVersion = 50;
	objects = {

/* Begin PBXBuildFile section */
		6933034821684DE900FCCA03 /* XcodeAppearanceSwitcher.m in Sources */ = {isa = PBXBuildFile; fileRef = 6933034721684DE900FCCA03 /* XcodeAppearanceSwitcher.m */; };
/* End PBXBuildFile section */

/* Begin PBXFileReference section */
		6933034121684DE900FCCA03 /* XcodeAppearanceSwitcher.xcplugin */ = {isa = PBXFileReference; explicitFileType = wrapper.cfbundle; includeInIndex = 0; path = XcodeAppearanceSwitcher.xcplugin; sourceTree = BUILT_PRODUCTS_DIR; };
		6933034521684DE900FCCA03 /* XcodeAppearanceSwitcher.xcscheme */ = {isa = PBXFileReference; lastKnownFileType = text.xml; name = XcodeAppearanceSwitcher.xcscheme; path = XcodeAppearanceSwitcher.xcodeproj/xcshareddata/xcschemes/XcodeAppearanceSwitcher.xcscheme; sourceTree = SOURCE_ROOT; };
		6933034621684DE900FCCA03 /* XcodeAppearanceSwitcher.h */ = {isa = PBXFileReference; lastKnownFileType = sourcecode.c.h; path = XcodeAppearanceSwitcher.h; sourceTree = "<group>"; };
		6933034721684DE900FCCA03 /* XcodeAppearanceSwitcher.m */ = {isa = PBXFileReference; lastKnownFileType = sourcecode.c.objc; path = XcodeAppearanceSwitcher.m; sourceTree = "<group>"; };
		6933034921684DE900FCCA03 /* Info.plist */ = {isa = PBXFileReference; lastKnownFileType = text.plist.xml; path = Info.plist; sourceTree = "<group>"; };
/* End PBXFileReference section */

/* Begin PBXGroup section */
		6933033921684DE900FCCA03 = {
			isa = PBXGroup;
			children = (
				6933034321684DE900FCCA03 /* XcodeAppearanceSwitcher */,
				6933034221684DE900FCCA03 /* Products */,
			);
			sourceTree = "<group>";
		};
		6933034221684DE900FCCA03 /* Products */ = {
			isa = PBXGroup;
			children = (
				6933034121684DE900FCCA03 /* XcodeAppearanceSwitcher.xcplugin */,
			);
			name = Products;
			sourceTree = "<group>";
		};
		6933034321684DE900FCCA03 /* XcodeAppearanceSwitcher */ = {
			isa = PBXGroup;
			children = (
				6933034621684DE900FCCA03 /* XcodeAppearanceSwitcher.h */,
				6933034721684DE900FCCA03 /* XcodeAppearanceSwitcher.m */,
				6933034921684DE900FCCA03 /* Info.plist */,
				6933034421684DE900FCCA03 /* Supporting Files */,
			);
			path = XcodeAppearanceSwitcher;
			sourceTree = "<group>";
		};
		6933034421684DE900FCCA03 /* Supporting Files */ = {
			isa = PBXGroup;
			children = (
				6933034521684DE900FCCA03 /* XcodeAppearanceSwitcher.xcscheme */,
			);
			name = "Supporting Files";
			sourceTree = "<group>";
		};
/* End PBXGroup section */

/* Begin PBXNativeTarget section */
		6933034021684DE900FCCA03 /* XcodeAppearanceSwitcher */ = {
			isa = PBXNativeTarget;
			buildConfigurationList = 6933034C21684DE900FCCA03 /* Build configuration list for PBXNativeTarget "XcodeAppearanceSwitcher" */;
			buildPhases = (
				6933033E21684DE900FCCA03 /* Sources */,
				6933033F21684DE900FCCA03 /* Resources */,
			);
			buildRules = (
			);
			dependencies = (
			);
			name = XcodeAppearanceSwitcher;
			productName = XcodeAppearanceSwitcher;
			productReference = 6933034121684DE900FCCA03 /* XcodeAppearanceSwitcher.xcplugin */;
			productType = "com.apple.product-type.bundle";
		};
/* End PBXNativeTarget section */

/* Begin PBXProject section */
		6933033A21684DE900FCCA03 /* Project object */ = {
			isa = PBXProject;
			attributes = {
				LastUpgradeCheck = 1000;
				ORGANIZATIONNAME = Grishka;
				TargetAttributes = {
					6933034021684DE900FCCA03 = {
						CreatedOnToolsVersion = 10.0;
					};
				};
			};
			buildConfigurationList = 6933033D21684DE900FCCA03 /* Build configuration list for PBXProject "XcodeAppearanceSwitcher" */;
			compatibilityVersion = "Xcode 9.3";
			developmentRegion = en;
			hasScannedForEncodings = 0;
			knownRegions = (
				en,
			);
			mainGroup = 6933033921684DE900FCCA03;
			productRefGroup = 6933034221684DE900FCCA03 /* Products */;
			projectDirPath = "";
			projectRoot = "";
			targets = (
				6933034021684DE900FCCA03 /* XcodeAppearanceSwitcher */,
			);
		};
/* End PBXProject section */

/* Begin PBXResourcesBuildPhase section */
		6933033F21684DE900FCCA03 /* Resources */ = {
			isa = PBXResourcesBuildPhase;
			buildActionMask = 2147483647;
			files = (
			);
			runOnlyForDeploymentPostprocessing = 0;
		};
/* End PBXResourcesBuildPhase section */

/* Begin PBXSourcesBuildPhase section */
		6933033E21684DE900FCCA03 /* Sources */ = {
			isa = PBXSourcesBuildPhase;
			buildActionMask = 2147483647;
			files = (
				6933034821684DE900FCCA03 /* XcodeAppearanceSwitcher.m in Sources */,
			);
			runOnlyForDeploymentPostprocessing = 0;
		};
/* End PBXSourcesBuildPhase section */

/* Begin XCBuildConfiguration section */
		6933034A21684DE900FCCA03 /* Debug */ = {
			isa = XCBuildConfiguration;
			buildSettings = {
				ALWAYS_SEARCH_USER_PATHS = NO;
				CLANG_ANALYZER_NONNULL = YES;
				CLANG_ANALYZER_NUMBER_OBJECT_CONVERSION = YES_AGGRESSIVE;
				CLANG_CXX_LANGUAGE_STANDARD = "gnu++14";
				CLANG_CXX_LIBRARY = "libc++";
				CLANG_ENABLE_MODULES = YES;
				CLANG_ENABLE_OBJC_ARC = YES;
				CLANG_ENABLE_OBJC_WEAK = YES;
				CLANG_WARN_BLOCK_CAPTURE_AUTORELEASING = YES;
				CLANG_WARN_BOOL_CONVERSION = YES;
				CLANG_WARN_COMMA = YES;
				CLANG_WARN_CONSTANT_CONVERSION = YES;
				CLANG_WARN_DEPRECATED_OBJC_IMPLEMENTATIONS = YES;
				CLANG_WARN_DIRECT_OBJC_ISA_USAGE = YES_ERROR;
				CLANG_WARN_DOCUMENTATION_COMMENTS = YES;
				CLANG_WARN_EMPTY_BODY = YES;
				CLANG_WARN_ENUM_CONVERSION = YES;
				CLANG_WARN_INFINITE_RECURSION = YES;
				CLANG_WARN_INT_CONVERSION = YES;
				CLANG_WARN_NON_LITERAL_NULL_CONVERSION = YES;
				CLANG_WARN_OBJC_IMPLICIT_RETAIN_SELF = YES;
				CLANG_WARN_OBJC_LITERAL_CONVERSION = YES;
				CLANG_WARN_OBJC_ROOT_CLASS = YES_ERROR;
				CLANG_WARN_RANGE_LOOP_ANALYSIS = YES;
				CLANG_WARN_STRICT_PROTOTYPES = YES;
				CLANG_WARN_SUSPICIOUS_MOVE = YES;
				CLANG_WARN_UNGUARDED_AVAILABILITY = YES_AGGRESSIVE;
				CLANG_WARN_UNREACHABLE_CODE = YES;
				CLANG_WARN__DUPLICATE_METHOD_MATCH = YES;
				CODE_SIGN_IDENTITY = "-";
				COPY_PHASE_STRIP = NO;
				DEBUG_INFORMATION_FORMAT = dwarf;
				ENABLE_STRICT_OBJC_MSGSEND = YES;
				ENABLE_TESTABILITY = YES;
				GCC_C_LANGUAGE_STANDARD = gnu11;
				GCC_DYNAMIC_NO_PIC = NO;
				GCC_NO_COMMON_BLOCKS = YES;
				GCC_OPTIMIZATION_LEVEL = 0;
				GCC_PREPROCESSOR_DEFINITIONS = (
					"DEBUG=1",
					"$(inherited)",
				);
				GCC_WARN_64_TO_32_BIT_CONVERSION = YES;
				GCC_WARN_ABOUT_RETURN_TYPE = YES_ERROR;
				GCC_WARN_UNDECLARED_SELECTOR = YES;
				GCC_WARN_UNINITIALIZED_AUTOS = YES_AGGRESSIVE;
				GCC_WARN_UNUSED_FUNCTION = YES;
				GCC_WARN_UNUSED_VARIABLE = YES;
				MACOSX_DEPLOYMENT_TARGET = 10.14;
				MTL_ENABLE_DEBUG_INFO = INCLUDE_SOURCE;
				MTL_FAST_MATH = YES;
				ONLY_ACTIVE_ARCH = YES;
				SDKROOT = macosx;
			};
			name = Debug;
		};
		6933034B21684DE900FCCA03 /* Release */ = {
			isa = XCBuildConfiguration;
			buildSettings = {
				ALWAYS_SEARCH_USER_PATHS = NO;
				CLANG_ANALYZER_NONNULL = YES;
				CLANG_ANALYZER_NUMBER_OBJECT_CONVERSION = YES_AGGRESSIVE;
				CLANG_CXX_LANGUAGE_STANDARD = "gnu++14";
				CLANG_CXX_LIBRARY = "libc++";
				CLANG_ENABLE_MODULES = YES;
				CLANG_ENABLE_OBJC_ARC = YES;
				CLANG_ENABLE_OBJC_WEAK = YES;
				CLANG_WARN_BLOCK_CAPTURE_AUTORELEASING = YES;
				CLANG_WARN_BOOL_CONVERSION = YES;
				CLANG_WARN_COMMA = YES;
				CLANG_WARN_CONSTANT_CONVERSION = YES;
				CLANG_WARN_DEPRECATED_OBJC_IMPLEMENTATIONS = YES;
				CLANG_WARN_DIRECT_OBJC_ISA_USAGE = YES_ERROR;
				CLANG_WARN_DOCUMENTATION_COMMENTS = YES;
				CLANG_WARN_EMPTY_BODY = YES;
				CLANG_WARN_ENUM_CONVERSION = YES;
				CLANG_WARN_INFINITE_RECURSION = YES;
				CLANG_WARN_INT_CONVERSION = YES;
				CLANG_WARN_NON_LITERAL_NULL_CONVERSION = YES;
				CLANG_WARN_OBJC_IMPLICIT_RETAIN_SELF = YES;
				CLANG_WARN_OBJC_LITERAL_CONVERSION = YES;
				CLANG_WARN_OBJC_ROOT_CLASS = YES_ERROR;
				CLANG_WARN_RANGE_LOOP_ANALYSIS = YES;
				CLANG_WARN_STRICT_PROTOTYPES = YES;
				CLANG_WARN_SUSPICIOUS_MOVE = YES;
				CLANG_WARN_UNGUARDED_AVAILABILITY = YES_AGGRESSIVE;
				CLANG_WARN_UNREACHABLE_CODE = YES;
				CLANG_WARN__DUPLICATE_METHOD_MATCH = YES;
				CODE_SIGN_IDENTITY = "-";
				COPY_PHASE_STRIP = NO;
				DEBUG_INFORMATION_FORMAT = "dwarf-with-dsym";
				ENABLE_NS_ASSERTIONS = NO;
				ENABLE_STRICT_OBJC_MSGSEND = YES;
				GCC_C_LANGUAGE_STANDARD = gnu11;
				GCC_NO_COMMON_BLOCKS = YES;
				GCC_WARN_64_TO_32_BIT_CONVERSION = YES;
				GCC_WARN_ABOUT_RETURN_TYPE = YES_ERROR;
				GCC_WARN_UNDECLARED_SELECTOR = YES;
				GCC_WARN_UNINITIALIZED_AUTOS = YES_AGGRESSIVE;
				GCC_WARN_UNUSED_FUNCTION = YES;
				GCC_WARN_UNUSED_VARIABLE = YES;
				MACOSX_DEPLOYMENT_TARGET = 10.14;
				MTL_ENABLE_DEBUG_INFO = NO;
				MTL_FAST_MATH = YES;
				SDKROOT = macosx;
			};
			name = Release;
		};
		6933034D21684DE900FCCA03 /* Debug */ = {
			isa = XCBuildConfiguration;
			buildSettings = {
				CODE_SIGN_STYLE = Automatic;
				COMBINE_HIDPI_IMAGES = YES;
				DEPLOYMENT_LOCATION = YES;
				DSTROOT = "$(HOME)";
				INFOPLIST_FILE = XcodeAppearanceSwitcher/Info.plist;
				INSTALL_PATH = "/Library/Application Support/Developer/Shared/Xcode/Plug-ins";
				PRODUCT_BUNDLE_IDENTIFIER = me.grishka.XcodeAppearanceSwitcher;
				PRODUCT_NAME = "$(TARGET_NAME)";
				WRAPPER_EXTENSION = xcplugin;
			};
			name = Debug;
		};
		6933034E21684DE900FCCA03 /* Release */ = {
			isa = XCBuildConfiguration;
			buildSettings = {
				CODE_SIGN_STYLE = Automatic;
				COMBINE_HIDPI_IMAGES = YES;
				DEPLOYMENT_LOCATION = YES;
				DSTROOT = "$(HOME)";
				INFOPLIST_FILE = XcodeAppearanceSwitcher/Info.plist;
				INSTALL_PATH = "/Library/Application Support/Developer/Shared/Xcode/Plug-ins";
				PRODUCT_BUNDLE_IDENTIFIER = me.grishka.XcodeAppearanceSwitcher;
				PRODUCT_NAME = "$(TARGET_NAME)";
				WRAPPER_EXTENSION = xcplugin;
			};
			name = Release;
		};
/* End XCBuildConfiguration section */

/* Begin XCConfigurationList section */
		6933033D21684DE900FCCA03 /* Build configuration list for PBXProject "XcodeAppearanceSwitcher" */ = {
			isa = XCConfigurationList;
			buildConfigurations = (
				6933034A21684DE900FCCA03 /* Debug */,
				6933034B21684DE900FCCA03 /* Release */,
			);
			defaultConfigurationIsVisible = 0;
			defaultConfigurationName = Release;
		};
		6933034C21684DE900FCCA03 /* Build configuration list for PBXNativeTarget "XcodeAppearanceSwitcher" */ = {
			isa = XCConfigurationList;
			buildConfigurations = (
				6933034D21684DE900FCCA03 /* Debug */,
				6933034E21684DE900FCCA03 /* Release */,
			);
			defaultConfigurationIsVisible = 0;
			defaultConfigurationName = Release;
		};
/* End XCConfigurationList section */
	};
	rootObject = 6933033A21684DE900FCCA03 /* Project object */;
}
